
Microsoft Visual Studio Solution File, Format Version 12.00
# Visual Studio Version 17
VisualStudioVersion = 17.0.31903.59
MinimumVisualStudioVersion = 10.0.40219.1
Project("{FAE04EC0-301F-11D3-BF4B-00C04F79EFBC}") = "CSharpCleanArch", "src\CSharpCleanArch.csproj", "{6EEFD482-80E8-4528-86EE-ECAAF4210683}"
EndProject
Project("{2150E333-8FDC-42A3-9474-1A3956D46DE8}") = "test", "test", "{6840F047-7CFB-4931-8E1C-471F3A8E2BCE}"
EndProject
Project("{FAE04EC0-301F-11D3-BF4B-00C04F79EFBC}") = "UnitTests", "test\UnitTests\UnitTests.csproj", "{F3B50B97-62BC-4888-8E5D-8AC203B59C15}"
EndProject
Global
	GlobalSection(SolutionConfigurationPlatforms) = preSolution
		Debug|Any CPU = Debug|Any CPU
		Release|Any CPU = Release|Any CPU
	EndGlobalSection
	GlobalSection(SolutionProperties) = preSolution
		HideSolutionNode = FALSE
	EndGlobalSection
	GlobalSection(ProjectConfigurationPlatforms) = postSolution
		{6EEFD482-80E8-4528-86EE-ECAAF4210683}.Debug|Any CPU.ActiveCfg = Debug|Any CPU
		{6EEFD482-80E8-4528-86EE-ECAAF4210683}.Debug|Any CPU.Build.0 = Debug|Any CPU
		{6EEFD482-80E8-4528-86EE-ECAAF4210683}.Release|Any CPU.ActiveCfg = Release|Any CPU
		{6EEFD482-80E8-4528-86EE-ECAAF4210683}.Release|Any CPU.Build.0 = Release|Any CPU
		{F3B50B97-62BC-4888-8E5D-8AC203B59C15}.Debug|Any CPU.ActiveCfg = Debug|Any CPU
		{F3B50B97-62BC-4888-8E5D-8AC203B59C15}.Debug|Any CPU.Build.0 = Debug|Any CPU
		{F3B50B97-62BC-4888-8E5D-8AC203B59C15}.Release|Any CPU.ActiveCfg = Release|Any CPU
		{F3B50B97-62BC-4888-8E5D-8AC203B59C15}.Release|Any CPU.Build.0 = Release|Any CPU
	EndGlobalSection
	GlobalSection(NestedProjects) = preSolution
		{F3B50B97-62BC-4888-8E5D-8AC203B59C15} = {6840F047-7CFB-4931-8E1C-471F3A8E2BCE}
	EndGlobalSection
EndGlobal
